// !$*UTF8*$!
{
	archiveVersion = 1;
	classes = {
	};
	objectVersion = 46;
	objects = {

/* Begin PBXBuildFile section */
		9B6BD1871D0C827F00C98905 /* queries-strings.swift in Sources */ = {isa = PBXBuildFile; fileRef = 9B6BD1861D0C827F00C98905 /* queries-strings.swift */; };
		9B6BD1891D0EEE5200C98905 /* cskiplists.swift in Sources */ = {isa = PBXBuildFile; fileRef = 9B6BD1881D0EEE5200C98905 /* cskiplists.swift */; };
		9BA76A851D0C785400653CC9 /* skiplists-strings.swift in Sources */ = {isa = PBXBuildFile; fileRef = 9BA76A841D0C785400653CC9 /* skiplists-strings.swift */; };
		9BE496A81CF63053002D643C /* main.swift in Sources */ = {isa = PBXBuildFile; fileRef = 9BE496A71CF63053002D643C /* main.swift */; };
		9BE496AF1CF63082002D643C /* skiplists.swift in Sources */ = {isa = PBXBuildFile; fileRef = 9BE496AE1CF63082002D643C /* skiplists.swift */; };
		9BE496B31CF8ACC5002D643C /* speedtable-example.swift in Sources */ = {isa = PBXBuildFile; fileRef = 9BE496B21CF8ACC5002D643C /* speedtable-example.swift */; };
		9BE496B51CFDC663002D643C /* queries.swift in Sources */ = {isa = PBXBuildFile; fileRef = 9BE496B41CFDC663002D643C /* queries.swift */; };
		9BE496B71CFE29F0002D643C /* speedtables.swift in Sources */ = {isa = PBXBuildFile; fileRef = 9BE496B61CFE29F0002D643C /* speedtables.swift */; };
		D069CB141D0CC974003C43BC /* skiplists.c in Sources */ = {isa = PBXBuildFile; fileRef = D069CB121D0CC974003C43BC /* skiplists.c */; };
/* End PBXBuildFile section */

/* Begin PBXCopyFilesBuildPhase section */
		9BE496A21CF63053002D643C /* CopyFiles */ = {
			isa = PBXCopyFilesBuildPhase;
			buildActionMask = 2147483647;
			dstPath = /usr/share/man/man1/;
			dstSubfolderSpec = 0;
			files = (
			);
			runOnlyForDeploymentPostprocessing = 1;
		};
/* End PBXCopyFilesBuildPhase section */

/* Begin PBXFileReference section */
		9B6BD1861D0C827F00C98905 /* queries-strings.swift */ = {isa = PBXFileReference; fileEncoding = 4; lastKnownFileType = sourcecode.swift; path = "queries-strings.swift"; sourceTree = "<group>"; };
		9B6BD1881D0EEE5200C98905 /* cskiplists.swift */ = {isa = PBXFileReference; fileEncoding = 4; lastKnownFileType = sourcecode.swift; path = cskiplists.swift; sourceTree = "<group>"; };
		9BA76A841D0C785400653CC9 /* skiplists-strings.swift */ = {isa = PBXFileReference; fileEncoding = 4; lastKnownFileType = sourcecode.swift; path = "skiplists-strings.swift"; sourceTree = "<group>"; };
		9BE496A41CF63053002D643C /* skiplists */ = {isa = PBXFileReference; explicitFileType = "compiled.mach-o.executable"; includeInIndex = 0; path = skiplists; sourceTree = BUILT_PRODUCTS_DIR; };
		9BE496A71CF63053002D643C /* main.swift */ = {isa = PBXFileReference; lastKnownFileType = sourcecode.swift; path = main.swift; sourceTree = "<group>"; };
		9BE496AE1CF63082002D643C /* skiplists.swift */ = {isa = PBXFileReference; fileEncoding = 4; lastKnownFileType = sourcecode.swift; path = skiplists.swift; sourceTree = "<group>"; };
		9BE496B21CF8ACC5002D643C /* speedtable-example.swift */ = {isa = PBXFileReference; fileEncoding = 4; lastKnownFileType = sourcecode.swift; path = "speedtable-example.swift"; sourceTree = "<group>"; };
		9BE496B41CFDC663002D643C /* queries.swift */ = {isa = PBXFileReference; fileEncoding = 4; lastKnownFileType = sourcecode.swift; path = queries.swift; sourceTree = "<group>"; };
		9BE496B61CFE29F0002D643C /* speedtables.swift */ = {isa = PBXFileReference; fileEncoding = 4; lastKnownFileType = sourcecode.swift; path = speedtables.swift; sourceTree = "<group>"; };
		D069CB111D0CC974003C43BC /* skiplists-Bridging-Header.h */ = {isa = PBXFileReference; lastKnownFileType = sourcecode.c.h; path = "skiplists-Bridging-Header.h"; sourceTree = "<group>"; };
		D069CB121D0CC974003C43BC /* skiplists.c */ = {isa = PBXFileReference; fileEncoding = 4; lastKnownFileType = sourcecode.c.c; path = skiplists.c; sourceTree = "<group>"; };
		D069CB131D0CC974003C43BC /* skiplists.h */ = {isa = PBXFileReference; fileEncoding = 4; lastKnownFileType = sourcecode.c.h; path = skiplists.h; sourceTree = "<group>"; };
/* End PBXFileReference section */

/* Begin PBXFrameworksBuildPhase section */
		9BE496A11CF63053002D643C /* Frameworks */ = {
			isa = PBXFrameworksBuildPhase;
			buildActionMask = 2147483647;
			files = (
			);
			runOnlyForDeploymentPostprocessing = 0;
		};
/* End PBXFrameworksBuildPhase section */

/* Begin PBXGroup section */
		9BE4969B1CF63053002D643C = {
			isa = PBXGroup;
			children = (
				9BE496A61CF63053002D643C /* skiplists */,
				9BE496A51CF63053002D643C /* Products */,
			);
			sourceTree = "<group>";
		};
		9BE496A51CF63053002D643C /* Products */ = {
			isa = PBXGroup;
			children = (
				9BE496A41CF63053002D643C /* skiplists */,
			);
			name = Products;
			sourceTree = "<group>";
		};
		9BE496A61CF63053002D643C /* skiplists */ = {
			isa = PBXGroup;
			children = (
				9B6BD1861D0C827F00C98905 /* queries-strings.swift */,
				9BA76A841D0C785400653CC9 /* skiplists-strings.swift */,
				9BE496A71CF63053002D643C /* main.swift */,
				9BE496AE1CF63082002D643C /* skiplists.swift */,
				9BE496B21CF8ACC5002D643C /* speedtable-example.swift */,
				9BE496B41CFDC663002D643C /* queries.swift */,
				9BE496B61CFE29F0002D643C /* speedtables.swift */,
				D069CB121D0CC974003C43BC /* skiplists.c */,
				D069CB131D0CC974003C43BC /* skiplists.h */,
				D069CB111D0CC974003C43BC /* skiplists-Bridging-Header.h */,
				9B6BD1881D0EEE5200C98905 /* cskiplists.swift */,
			);
			path = skiplists;
			sourceTree = "<group>";
		};
/* End PBXGroup section */

/* Begin PBXNativeTarget section */
		9BE496A31CF63053002D643C /* skiplists */ = {
			isa = PBXNativeTarget;
			buildConfigurationList = 9BE496AB1CF63053002D643C /* Build configuration list for PBXNativeTarget "skiplists" */;
			buildPhases = (
				9BE496A01CF63053002D643C /* Sources */,
				9BE496A11CF63053002D643C /* Frameworks */,
				9BE496A21CF63053002D643C /* CopyFiles */,
			);
			buildRules = (
			);
			dependencies = (
			);
			name = skiplists;
			productName = skiplists;
			productReference = 9BE496A41CF63053002D643C /* skiplists */;
			productType = "com.apple.product-type.tool";
		};
/* End PBXNativeTarget section */

/* Begin PBXProject section */
		9BE4969C1CF63053002D643C /* Project object */ = {
			isa = PBXProject;
			attributes = {
				LastSwiftUpdateCheck = 0730;
				LastUpgradeCheck = 0730;
				ORGANIZATIONNAME = Flightaware;
				TargetAttributes = {
					9BE496A31CF63053002D643C = {
						CreatedOnToolsVersion = 7.3.1;
					};
				};
			};
			buildConfigurationList = 9BE4969F1CF63053002D643C /* Build configuration list for PBXProject "skiplists" */;
			compatibilityVersion = "Xcode 3.2";
			developmentRegion = English;
			hasScannedForEncodings = 0;
			knownRegions = (
				en,
			);
			mainGroup = 9BE4969B1CF63053002D643C;
			productRefGroup = 9BE496A51CF63053002D643C /* Products */;
			projectDirPath = "";
			projectRoot = "";
			targets = (
				9BE496A31CF63053002D643C /* skiplists */,
			);
		};
/* End PBXProject section */

/* Begin PBXSourcesBuildPhase section */
		9BE496A01CF63053002D643C /* Sources */ = {
			isa = PBXSourcesBuildPhase;
			buildActionMask = 2147483647;
			files = (
				9BE496B31CF8ACC5002D643C /* speedtable-example.swift in Sources */,
				9BA76A851D0C785400653CC9 /* skiplists-strings.swift in Sources */,
				D069CB141D0CC974003C43BC /* skiplists.c in Sources */,
				9B6BD1871D0C827F00C98905 /* queries-strings.swift in Sources */,
				9BE496AF1CF63082002D643C /* skiplists.swift in Sources */,
				9BE496B51CFDC663002D643C /* queries.swift in Sources */,
				9BE496B71CFE29F0002D643C /* speedtables.swift in Sources */,
				9BE496A81CF63053002D643C /* main.swift in Sources */,
				9B6BD1891D0EEE5200C98905 /* cskiplists.swift in Sources */,
			);
			runOnlyForDeploymentPostprocessing = 0;
		};
/* End PBXSourcesBuildPhase section */

/* Begin XCBuildConfiguration section */
		9BE496A91CF63053002D643C /* Debug */ = {
			isa = XCBuildConfiguration;
			buildSettings = {
				ALWAYS_SEARCH_USER_PATHS = NO;
				CLANG_ANALYZER_NONNULL = YES;
				CLANG_CXX_LANGUAGE_STANDARD = "gnu++0x";
				CLANG_CXX_LIBRARY = "libc++";
				CLANG_ENABLE_MODULES = YES;
				CLANG_ENABLE_OBJC_ARC = YES;
				CLANG_WARN_BOOL_CONVERSION = YES;
				CLANG_WARN_CONSTANT_CONVERSION = YES;
				CLANG_WARN_DIRECT_OBJC_ISA_USAGE = YES_ERROR;
				CLANG_WARN_EMPTY_BODY = YES;
				CLANG_WARN_ENUM_CONVERSION = YES;
				CLANG_WARN_INT_CONVERSION = YES;
				CLANG_WARN_OBJC_ROOT_CLASS = YES_ERROR;
				CLANG_WARN_UNREACHABLE_CODE = YES;
				CLANG_WARN__DUPLICATE_METHOD_MATCH = YES;
				CODE_SIGN_IDENTITY = "-";
				COPY_PHASE_STRIP = NO;
				DEBUG_INFORMATION_FORMAT = dwarf;
				ENABLE_STRICT_OBJC_MSGSEND = YES;
				ENABLE_TESTABILITY = YES;
				GCC_C_LANGUAGE_STANDARD = gnu99;
				GCC_DYNAMIC_NO_PIC = NO;
				GCC_NO_COMMON_BLOCKS = YES;
				GCC_OPTIMIZATION_LEVEL = fast;
				GCC_PREPROCESSOR_DEFINITIONS = (
					"DEBUG=1",
					"$(inherited)",
				);
				GCC_WARN_64_TO_32_BIT_CONVERSION = YES;
				GCC_WARN_ABOUT_RETURN_TYPE = YES_ERROR;
				GCC_WARN_UNDECLARED_SELECTOR = YES;
				GCC_WARN_UNINITIALIZED_AUTOS = YES_AGGRESSIVE;
				GCC_WARN_UNUSED_FUNCTION = YES;
				GCC_WARN_UNUSED_VARIABLE = YES;
				MACOSX_DEPLOYMENT_TARGET = 10.11;
				MTL_ENABLE_DEBUG_INFO = YES;
				ONLY_ACTIVE_ARCH = YES;
				"OTHER_SWIFT_FLAGS[arch=*]" = "-Ounchecked";
				SDKROOT = macosx;
				SWIFT_OPTIMIZATION_LEVEL = "-Owholemodule";
			};
			name = Debug;
		};
		9BE496AA1CF63053002D643C /* Release */ = {
			isa = XCBuildConfiguration;
			buildSettings = {
				ALWAYS_SEARCH_USER_PATHS = NO;
				CLANG_ANALYZER_NONNULL = YES;
				CLANG_CXX_LANGUAGE_STANDARD = "gnu++0x";
				CLANG_CXX_LIBRARY = "libc++";
				CLANG_ENABLE_MODULES = YES;
				CLANG_ENABLE_OBJC_ARC = YES;
				CLANG_WARN_BOOL_CONVERSION = YES;
				CLANG_WARN_CONSTANT_CONVERSION = YES;
				CLANG_WARN_DIRECT_OBJC_ISA_USAGE = YES_ERROR;
				CLANG_WARN_EMPTY_BODY = YES;
				CLANG_WARN_ENUM_CONVERSION = YES;
				CLANG_WARN_INT_CONVERSION = YES;
				CLANG_WARN_OBJC_ROOT_CLASS = YES_ERROR;
				CLANG_WARN_UNREACHABLE_CODE = YES;
				CLANG_WARN__DUPLICATE_METHOD_MATCH = YES;
				CODE_SIGN_IDENTITY = "-";
				COPY_PHASE_STRIP = NO;
				DEBUG_INFORMATION_FORMAT = "dwarf-with-dsym";
				ENABLE_NS_ASSERTIONS = NO;
				ENABLE_STRICT_OBJC_MSGSEND = YES;
				GCC_C_LANGUAGE_STANDARD = gnu99;
				GCC_NO_COMMON_BLOCKS = YES;
				GCC_OPTIMIZATION_LEVEL = fast;
				GCC_WARN_64_TO_32_BIT_CONVERSION = YES;
				GCC_WARN_ABOUT_RETURN_TYPE = YES_ERROR;
				GCC_WARN_UNDECLARED_SELECTOR = YES;
				GCC_WARN_UNINITIALIZED_AUTOS = YES_AGGRESSIVE;
				GCC_WARN_UNUSED_FUNCTION = YES;
				GCC_WARN_UNUSED_VARIABLE = YES;
				MACOSX_DEPLOYMENT_TARGET = 10.11;
				MTL_ENABLE_DEBUG_INFO = NO;
				"OTHER_SWIFT_FLAGS[arch=*]" = "-Ounchecked";
				SDKROOT = macosx;
				SWIFT_OPTIMIZATION_LEVEL = "-Owholemodule";
			};
			name = Release;
		};
		9BE496AC1CF63053002D643C /* Debug */ = {
			isa = XCBuildConfiguration;
			buildSettings = {
				CLANG_ENABLE_MODULES = YES;
				CLANG_USE_OPTIMIZATION_PROFILE = NO;
				LD_RUNPATH_SEARCH_PATHS = "$(inherited) @executable_path/../Frameworks @loader_path/../Frameworks";
				"OTHER_SWIFT_FLAGS[arch=*]" = "-Ounchecked";
				PRODUCT_NAME = "$(TARGET_NAME)";
				SWIFT_OBJC_BRIDGING_HEADER = "skiplists/skiplists-Bridging-Header.h";
			};
			name = Debug;
		};
		9BE496AD1CF63053002D643C /* Release */ = {
			isa = XCBuildConfiguration;
			buildSettings = {
				CLANG_ENABLE_MODULES = YES;
				CLANG_USE_OPTIMIZATION_PROFILE = NO;
				LD_RUNPATH_SEARCH_PATHS = "$(inherited) @executable_path/../Frameworks @loader_path/../Frameworks";
				"OTHER_SWIFT_FLAGS[arch=*]" = "-Ounchecked";
				PRODUCT_NAME = "$(TARGET_NAME)";
				SWIFT_OBJC_BRIDGING_HEADER = "skiplists/skiplists-Bridging-Header.h";
			};
			name = Release;
		};
/* End XCBuildConfiguration section */

/* Begin XCConfigurationList section */
		9BE4969F1CF63053002D643C /* Build configuration list for PBXProject "skiplists" */ = {
			isa = XCConfigurationList;
			buildConfigurations = (
				9BE496A91CF63053002D643C /* Debug */,
				9BE496AA1CF63053002D643C /* Release */,
			);
			defaultConfigurationIsVisible = 0;
			defaultConfigurationName = Release;
		};
		9BE496AB1CF63053002D643C /* Build configuration list for PBXNativeTarget "skiplists" */ = {
			isa = XCConfigurationList;
			buildConfigurations = (
				9BE496AC1CF63053002D643C /* Debug */,
				9BE496AD1CF63053002D643C /* Release */,
			);
			defaultConfigurationIsVisible = 0;
			defaultConfigurationName = Release;
		};
/* End XCConfigurationList section */
	};
	rootObject = 9BE4969C1CF63053002D643C /* Project object */;
}
